{
  "version": "3",
  "packages": {
    "specifiers": {
      "npm:@vitejs/plugin-vue@^4.5.2": "npm:@vitejs/plugin-vue@4.6.2_vite@5.1.3_vue@3.4.19",
      "npm:vite": "npm:vite@5.1.3",
      "npm:vite@^5.0.10": "npm:vite@5.1.3",
      "npm:vue@^3.3.13": "npm:vue@3.4.19"
    },
    "npm": {
      "@babel/parser@7.23.9": {
        "integrity": "sha512-9tcKgqKbs3xGJ+NtKF2ndOBBLVwPjl1SHxPQkd36r3Dlirw3xWUeGaTbqr7uGZcTaxkVNwc+03SVP7aCdWrTlA==",
        "dependencies": {}
      },
      "@esbuild/aix-ppc64@0.19.12": {
        "integrity": "sha512-bmoCYyWdEL3wDQIVbcyzRyeKLgk2WtWLTWz1ZIAZF/EGbNOwSA6ew3PftJ1PqMiOOGu0OyFMzG53L0zqIpPeNA==",
        "dependencies": {}
      },
      "@esbuild/android-arm64@0.19.12": {
        "integrity": "sha512-P0UVNGIienjZv3f5zq0DP3Nt2IE/3plFzuaS96vihvD0Hd6H/q4WXUGpCxD/E8YrSXfNyRPbpTq+T8ZQioSuPA==",
        "dependencies": {}
      },
      "@esbuild/android-arm@0.19.12": {
        "integrity": "sha512-qg/Lj1mu3CdQlDEEiWrlC4eaPZ1KztwGJ9B6J+/6G+/4ewxJg7gqj8eVYWvao1bXrqGiW2rsBZFSX3q2lcW05w==",
        "dependencies": {}
      },
      "@esbuild/android-x64@0.19.12": {
        "integrity": "sha512-3k7ZoUW6Q6YqhdhIaq/WZ7HwBpnFBlW905Fa4s4qWJyiNOgT1dOqDiVAQFwBH7gBRZr17gLrlFCRzF6jFh7Kew==",
        "dependencies": {}
      },
      "@esbuild/darwin-arm64@0.19.12": {
        "integrity": "sha512-B6IeSgZgtEzGC42jsI+YYu9Z3HKRxp8ZT3cqhvliEHovq8HSX2YX8lNocDn79gCKJXOSaEot9MVYky7AKjCs8g==",
        "dependencies": {}
      },
      "@esbuild/darwin-x64@0.19.12": {
        "integrity": "sha512-hKoVkKzFiToTgn+41qGhsUJXFlIjxI/jSYeZf3ugemDYZldIXIxhvwN6erJGlX4t5h417iFuheZ7l+YVn05N3A==",
        "dependencies": {}
      },
      "@esbuild/freebsd-arm64@0.19.12": {
        "integrity": "sha512-4aRvFIXmwAcDBw9AueDQ2YnGmz5L6obe5kmPT8Vd+/+x/JMVKCgdcRwH6APrbpNXsPz+K653Qg8HB/oXvXVukA==",
        "dependencies": {}
      },
      "@esbuild/freebsd-x64@0.19.12": {
        "integrity": "sha512-EYoXZ4d8xtBoVN7CEwWY2IN4ho76xjYXqSXMNccFSx2lgqOG/1TBPW0yPx1bJZk94qu3tX0fycJeeQsKovA8gg==",
        "dependencies": {}
      },
      "@esbuild/linux-arm64@0.19.12": {
        "integrity": "sha512-EoTjyYyLuVPfdPLsGVVVC8a0p1BFFvtpQDB/YLEhaXyf/5bczaGeN15QkR+O4S5LeJ92Tqotve7i1jn35qwvdA==",
        "dependencies": {}
      },
      "@esbuild/linux-arm@0.19.12": {
        "integrity": "sha512-J5jPms//KhSNv+LO1S1TX1UWp1ucM6N6XuL6ITdKWElCu8wXP72l9MM0zDTzzeikVyqFE6U8YAV9/tFyj0ti+w==",
        "dependencies": {}
      },
      "@esbuild/linux-ia32@0.19.12": {
        "integrity": "sha512-Thsa42rrP1+UIGaWz47uydHSBOgTUnwBwNq59khgIwktK6x60Hivfbux9iNR0eHCHzOLjLMLfUMLCypBkZXMHA==",
        "dependencies": {}
      },
      "@esbuild/linux-loong64@0.19.12": {
        "integrity": "sha512-LiXdXA0s3IqRRjm6rV6XaWATScKAXjI4R4LoDlvO7+yQqFdlr1Bax62sRwkVvRIrwXxvtYEHHI4dm50jAXkuAA==",
        "dependencies": {}
      },
      "@esbuild/linux-mips64el@0.19.12": {
        "integrity": "sha512-fEnAuj5VGTanfJ07ff0gOA6IPsvrVHLVb6Lyd1g2/ed67oU1eFzL0r9WL7ZzscD+/N6i3dWumGE1Un4f7Amf+w==",
        "dependencies": {}
      },
      "@esbuild/linux-ppc64@0.19.12": {
        "integrity": "sha512-nYJA2/QPimDQOh1rKWedNOe3Gfc8PabU7HT3iXWtNUbRzXS9+vgB0Fjaqr//XNbd82mCxHzik2qotuI89cfixg==",
        "dependencies": {}
      },
      "@esbuild/linux-riscv64@0.19.12": {
        "integrity": "sha512-2MueBrlPQCw5dVJJpQdUYgeqIzDQgw3QtiAHUC4RBz9FXPrskyyU3VI1hw7C0BSKB9OduwSJ79FTCqtGMWqJHg==",
        "dependencies": {}
      },
      "@esbuild/linux-s390x@0.19.12": {
        "integrity": "sha512-+Pil1Nv3Umes4m3AZKqA2anfhJiVmNCYkPchwFJNEJN5QxmTs1uzyy4TvmDrCRNT2ApwSari7ZIgrPeUx4UZDg==",
        "dependencies": {}
      },
      "@esbuild/linux-x64@0.19.12": {
        "integrity": "sha512-B71g1QpxfwBvNrfyJdVDexenDIt1CiDN1TIXLbhOw0KhJzE78KIFGX6OJ9MrtC0oOqMWf+0xop4qEU8JrJTwCg==",
        "dependencies": {}
      },
      "@esbuild/netbsd-x64@0.19.12": {
        "integrity": "sha512-3ltjQ7n1owJgFbuC61Oj++XhtzmymoCihNFgT84UAmJnxJfm4sYCiSLTXZtE00VWYpPMYc+ZQmB6xbSdVh0JWA==",
        "dependencies": {}
      },
      "@esbuild/openbsd-x64@0.19.12": {
        "integrity": "sha512-RbrfTB9SWsr0kWmb9srfF+L933uMDdu9BIzdA7os2t0TXhCRjrQyCeOt6wVxr79CKD4c+p+YhCj31HBkYcXebw==",
        "dependencies": {}
      },
      "@esbuild/sunos-x64@0.19.12": {
        "integrity": "sha512-HKjJwRrW8uWtCQnQOz9qcU3mUZhTUQvi56Q8DPTLLB+DawoiQdjsYq+j+D3s9I8VFtDr+F9CjgXKKC4ss89IeA==",
        "dependencies": {}
      },
      "@esbuild/win32-arm64@0.19.12": {
        "integrity": "sha512-URgtR1dJnmGvX864pn1B2YUYNzjmXkuJOIqG2HdU62MVS4EHpU2946OZoTMnRUHklGtJdJZ33QfzdjGACXhn1A==",
        "dependencies": {}
      },
      "@esbuild/win32-ia32@0.19.12": {
        "integrity": "sha512-+ZOE6pUkMOJfmxmBZElNOx72NKpIa/HFOMGzu8fqzQJ5kgf6aTGrcJaFsNiVMH4JKpMipyK+7k0n2UXN7a8YKQ==",
        "dependencies": {}
      },
      "@esbuild/win32-x64@0.19.12": {
        "integrity": "sha512-T1QyPSDCyMXaO3pzBkF96E8xMkiRYbUEZADd29SyPGabqxMViNoii+NcK7eWJAEoU6RZyEm5lVSIjTmcdoB9HA==",
        "dependencies": {}
      },
      "@jridgewell/sourcemap-codec@1.4.15": {
        "integrity": "sha512-eF2rxCRulEKXHTRiDrDy6erMYWqNw4LPdQ8UQA4huuxaQsVeRPFl2oM8oDGxMFhJUWZf9McpLtJasDDZb/Bpeg==",
        "dependencies": {}
      },
      "@rollup/rollup-android-arm-eabi@4.11.0": {
        "integrity": "sha512-BV+u2QSfK3i1o6FucqJh5IK9cjAU6icjFFhvknzFgu472jzl0bBojfDAkJLBEsHFMo+YZg6rthBvBBt8z12IBQ==",
        "dependencies": {}
      },
      "@rollup/rollup-android-arm64@4.11.0": {
        "integrity": "sha512-0ij3iw7sT5jbcdXofWO2NqDNjSVVsf6itcAkV2I6Xsq4+6wjW1A8rViVB67TfBEan7PV2kbLzT8rhOVWLI2YXw==",
        "dependencies": {}
      },
      "@rollup/rollup-darwin-arm64@4.11.0": {
        "integrity": "sha512-yPLs6RbbBMupArf6qv1UDk6dzZvlH66z6NLYEwqTU0VHtss1wkI4UYeeMS7TVj5QRVvaNAWYKP0TD/MOeZ76Zg==",
        "dependencies": {}
      },
      "@rollup/rollup-darwin-x64@4.11.0": {
        "integrity": "sha512-OvqIgwaGAwnASzXaZEeoJY3RltOFg+WUbdkdfoluh2iqatd090UeOG3A/h0wNZmE93dDew9tAtXgm3/+U/B6bw==",
        "dependencies": {}
      },
      "@rollup/rollup-linux-arm-gnueabihf@4.11.0": {
        "integrity": "sha512-X17s4hZK3QbRmdAuLd2EE+qwwxL8JxyVupEqAkxKPa/IgX49ZO+vf0ka69gIKsaYeo6c1CuwY3k8trfDtZ9dFg==",
        "dependencies": {}
      },
      "@rollup/rollup-linux-arm64-gnu@4.11.0": {
        "integrity": "sha512-673Lu9EJwxVB9NfYeA4AdNu0FOHz7g9t6N1DmT7bZPn1u6bTF+oZjj+fuxUcrfxWXE0r2jxl5QYMa9cUOj9NFg==",
        "dependencies": {}
      },
      "@rollup/rollup-linux-arm64-musl@4.11.0": {
        "integrity": "sha512-yFW2msTAQNpPJaMmh2NpRalr1KXI7ZUjlN6dY/FhWlOclMrZezm5GIhy3cP4Ts2rIAC+IPLAjNibjp1BsxCVGg==",
        "dependencies": {}
      },
      "@rollup/rollup-linux-riscv64-gnu@4.11.0": {
        "integrity": "sha512-kKT9XIuhbvYgiA3cPAGntvrBgzhWkGpBMzuk1V12Xuoqg7CI41chye4HU0vLJnGf9MiZzfNh4I7StPeOzOWJfA==",
        "dependencies": {}
      },
      "@rollup/rollup-linux-x64-gnu@4.11.0": {
        "integrity": "sha512-6q4ESWlyTO+erp1PSCmASac+ixaDv11dBk1fqyIuvIUc/CmRAX2Zk+2qK1FGo5q7kyDcjHCFVwgGFCGIZGVwCA==",
        "dependencies": {}
      },
      "@rollup/rollup-linux-x64-musl@4.11.0": {
        "integrity": "sha512-vIAQUmXeMLmaDN78HSE4Kh6xqof2e3TJUKr+LPqXWU4NYNON0MDN9h2+t4KHrPAQNmU3w1GxBQ/n01PaWFwa5w==",
        "dependencies": {}
      },
      "@rollup/rollup-win32-arm64-msvc@4.11.0": {
        "integrity": "sha512-LVXo9dDTGPr0nezMdqa1hK4JeoMZ02nstUxGYY/sMIDtTYlli1ZxTXBYAz3vzuuvKO4X6NBETciIh7N9+abT1g==",
        "dependencies": {}
      },
      "@rollup/rollup-win32-ia32-msvc@4.11.0": {
        "integrity": "sha512-xZVt6K70Gr3I7nUhug2dN6VRR1ibot3rXqXS3wo+8JP64t7djc3lBFyqO4GiVrhNaAIhUCJtwQ/20dr0h0thmQ==",
        "dependencies": {}
      },
      "@rollup/rollup-win32-x64-msvc@4.11.0": {
        "integrity": "sha512-f3I7h9oTg79UitEco9/2bzwdciYkWr8pITs3meSDSlr1TdvQ7IxkQaaYN2YqZXX5uZhiYL+VuYDmHwNzhx+HOg==",
        "dependencies": {}
      },
      "@types/estree@1.0.5": {
        "integrity": "sha512-/kYRxGDLWzHOB7q+wtSUQlFrtcdUccpfy+X+9iMBpHK8QLLhx2wIPYuS5DYtR9Wa/YlZAbIovy7qVdB1Aq6Lyw==",
        "dependencies": {}
      },
      "@vitejs/plugin-vue@4.6.2_vite@5.1.3_vue@3.4.19": {
        "integrity": "sha512-kqf7SGFoG+80aZG6Pf+gsZIVvGSCKE98JbiWqcCV9cThtg91Jav0yvYFC9Zb+jKetNGF6ZKeoaxgZfND21fWKw==",
        "dependencies": {
          "vite": "vite@5.1.3",
          "vue": "vue@3.4.19"
        }
      },
      "@vue/compiler-core@3.4.19": {
        "integrity": "sha512-gj81785z0JNzRcU0Mq98E56e4ltO1yf8k5PQ+tV/7YHnbZkrM0fyFyuttnN8ngJZjbpofWE/m4qjKBiLl8Ju4w==",
        "dependencies": {
          "@babel/parser": "@babel/parser@7.23.9",
          "@vue/shared": "@vue/shared@3.4.19",
          "entities": "entities@4.5.0",
          "estree-walker": "estree-walker@2.0.2",
          "source-map-js": "source-map-js@1.0.2"
        }
      },
      "@vue/compiler-dom@3.4.19": {
        "integrity": "sha512-vm6+cogWrshjqEHTzIDCp72DKtea8Ry/QVpQRYoyTIg9k7QZDX6D8+HGURjtmatfgM8xgCFtJJaOlCaRYRK3QA==",
        "dependencies": {
          "@vue/compiler-core": "@vue/compiler-core@3.4.19",
          "@vue/shared": "@vue/shared@3.4.19"
        }
      },
      "@vue/compiler-sfc@3.4.19": {
        "integrity": "sha512-LQ3U4SN0DlvV0xhr1lUsgLCYlwQfUfetyPxkKYu7dkfvx7g3ojrGAkw0AERLOKYXuAGnqFsEuytkdcComei3Yg==",
        "dependencies": {
          "@babel/parser": "@babel/parser@7.23.9",
          "@vue/compiler-core": "@vue/compiler-core@3.4.19",
          "@vue/compiler-dom": "@vue/compiler-dom@3.4.19",
          "@vue/compiler-ssr": "@vue/compiler-ssr@3.4.19",
          "@vue/shared": "@vue/shared@3.4.19",
          "estree-walker": "estree-walker@2.0.2",
          "magic-string": "magic-string@0.30.7",
          "postcss": "postcss@8.4.35",
          "source-map-js": "source-map-js@1.0.2"
        }
      },
      "@vue/compiler-ssr@3.4.19": {
        "integrity": "sha512-P0PLKC4+u4OMJ8sinba/5Z/iDT84uMRRlrWzadgLA69opCpI1gG4N55qDSC+dedwq2fJtzmGald05LWR5TFfLw==",
        "dependencies": {
          "@vue/compiler-dom": "@vue/compiler-dom@3.4.19",
          "@vue/shared": "@vue/shared@3.4.19"
        }
      },
      "@vue/reactivity@3.4.19": {
        "integrity": "sha512-+VcwrQvLZgEclGZRHx4O2XhyEEcKaBi50WbxdVItEezUf4fqRh838Ix6amWTdX0CNb/b6t3Gkz3eOebfcSt+UA==",
        "dependencies": {
          "@vue/shared": "@vue/shared@3.4.19"
        }
      },
      "@vue/runtime-core@3.4.19": {
        "integrity": "sha512-/Z3tFwOrerJB/oyutmJGoYbuoadphDcJAd5jOuJE86THNZji9pYjZroQ2NFsZkTxOq0GJbb+s2kxTYToDiyZzw==",
        "dependencies": {
          "@vue/reactivity": "@vue/reactivity@3.4.19",
          "@vue/shared": "@vue/shared@3.4.19"
        }
      },
      "@vue/runtime-dom@3.4.19": {
        "integrity": "sha512-IyZzIDqfNCF0OyZOauL+F4yzjMPN2rPd8nhqPP2N1lBn3kYqJpPHHru+83Rkvo2lHz5mW+rEeIMEF9qY3PB94g==",
        "dependencies": {
          "@vue/runtime-core": "@vue/runtime-core@3.4.19",
          "@vue/shared": "@vue/shared@3.4.19",
          "csstype": "csstype@3.1.3"
        }
      },
      "@vue/server-renderer@3.4.19_vue@3.4.19": {
        "integrity": "sha512-eAj2p0c429RZyyhtMRnttjcSToch+kTWxFPHlzGMkR28ZbF1PDlTcmGmlDxccBuqNd9iOQ7xPRPAGgPVj+YpQw==",
        "dependencies": {
          "@vue/compiler-ssr": "@vue/compiler-ssr@3.4.19",
          "@vue/shared": "@vue/shared@3.4.19",
          "vue": "vue@3.4.19"
        }
      },
      "@vue/shared@3.4.19": {
        "integrity": "sha512-/KliRRHMF6LoiThEy+4c1Z4KB/gbPrGjWwJR+crg2otgrf/egKzRaCPvJ51S5oetgsgXLfc4Rm5ZgrKHZrtMSw==",
        "dependencies": {}
      },
      "csstype@3.1.3": {
        "integrity": "sha512-M1uQkMl8rQK/szD0LNhtqxIPLpimGm8sOBwU7lLnCpSbTyY3yeU1Vc7l4KT5zT4s/yOxHH5O7tIuuLOCnLADRw==",
        "dependencies": {}
      },
      "entities@4.5.0": {
        "integrity": "sha512-V0hjH4dGPh9Ao5p0MoRY6BVqtwCjhz6vI5LT8AJ55H+4g9/4vbHx1I54fS0XuclLhDHArPQCiMjDxjaL8fPxhw==",
        "dependencies": {}
      },
      "esbuild@0.19.12": {
        "integrity": "sha512-aARqgq8roFBj054KvQr5f1sFu0D65G+miZRCuJyJ0G13Zwx7vRar5Zhn2tkQNzIXcBrNVsv/8stehpj+GAjgbg==",
        "dependencies": {
          "@esbuild/aix-ppc64": "@esbuild/aix-ppc64@0.19.12",
          "@esbuild/android-arm": "@esbuild/android-arm@0.19.12",
          "@esbuild/android-arm64": "@esbuild/android-arm64@0.19.12",
          "@esbuild/android-x64": "@esbuild/android-x64@0.19.12",
          "@esbuild/darwin-arm64": "@esbuild/darwin-arm64@0.19.12",
          "@esbuild/darwin-x64": "@esbuild/darwin-x64@0.19.12",
          "@esbuild/freebsd-arm64": "@esbuild/freebsd-arm64@0.19.12",
          "@esbuild/freebsd-x64": "@esbuild/freebsd-x64@0.19.12",
          "@esbuild/linux-arm": "@esbuild/linux-arm@0.19.12",
          "@esbuild/linux-arm64": "@esbuild/linux-arm64@0.19.12",
          "@esbuild/linux-ia32": "@esbuild/linux-ia32@0.19.12",
          "@esbuild/linux-loong64": "@esbuild/linux-loong64@0.19.12",
          "@esbuild/linux-mips64el": "@esbuild/linux-mips64el@0.19.12",
          "@esbuild/linux-ppc64": "@esbuild/linux-ppc64@0.19.12",
          "@esbuild/linux-riscv64": "@esbuild/linux-riscv64@0.19.12",
          "@esbuild/linux-s390x": "@esbuild/linux-s390x@0.19.12",
          "@esbuild/linux-x64": "@esbuild/linux-x64@0.19.12",
          "@esbuild/netbsd-x64": "@esbuild/netbsd-x64@0.19.12",
          "@esbuild/openbsd-x64": "@esbuild/openbsd-x64@0.19.12",
          "@esbuild/sunos-x64": "@esbuild/sunos-x64@0.19.12",
          "@esbuild/win32-arm64": "@esbuild/win32-arm64@0.19.12",
          "@esbuild/win32-ia32": "@esbuild/win32-ia32@0.19.12",
          "@esbuild/win32-x64": "@esbuild/win32-x64@0.19.12"
        }
      },
      "estree-walker@2.0.2": {
        "integrity": "sha512-Rfkk/Mp/DL7JVje3u18FxFujQlTNR2q6QfMSMB7AvCBx91NGj/ba3kCfza0f6dVDbw7YlRf/nDrn7pQrCCyQ/w==",
        "dependencies": {}
      },
      "fsevents@2.3.3": {
        "integrity": "sha512-5xoDfX+fL7faATnagmWPpbFtwh/R77WmMMqqHGS65C3vvB0YHrgF+B1YmZ3441tMj5n63k0212XNoJwzlhffQw==",
        "dependencies": {}
      },
      "magic-string@0.30.7": {
        "integrity": "sha512-8vBuFF/I/+OSLRmdf2wwFCJCz+nSn0m6DPvGH1fS/KiQoSaR+sETbov0eIk9KhEKy8CYqIkIAnbohxT/4H0kuA==",
        "dependencies": {
          "@jridgewell/sourcemap-codec": "@jridgewell/sourcemap-codec@1.4.15"
        }
      },
      "nanoid@3.3.7": {
        "integrity": "sha512-eSRppjcPIatRIMC1U6UngP8XFcz8MQWGQdt1MTBQ7NaAmvXDfvNxbvWV3x2y6CdEUciCSsDHDQZbhYaB8QEo2g==",
        "dependencies": {}
      },
      "picocolors@1.0.0": {
        "integrity": "sha512-1fygroTLlHu66zi26VoTDv8yRgm0Fccecssto+MhsZ0D/DGW2sm8E8AjW7NU5VVTRt5GxbeZ5qBuJr+HyLYkjQ==",
        "dependencies": {}
      },
      "postcss@8.4.35": {
        "integrity": "sha512-u5U8qYpBCpN13BsiEB0CbR1Hhh4Gc0zLFuedrHJKMctHCHAGrMdG0PRM/KErzAL3CU6/eckEtmHNB3x6e3c0vA==",
        "dependencies": {
          "nanoid": "nanoid@3.3.7",
          "picocolors": "picocolors@1.0.0",
          "source-map-js": "source-map-js@1.0.2"
        }
      },
      "rollup@4.11.0": {
        "integrity": "sha512-2xIbaXDXjf3u2tajvA5xROpib7eegJ9Y/uPlSFhXLNpK9ampCczXAhLEb5yLzJyG3LAdI1NWtNjDXiLyniNdjQ==",
        "dependencies": {
          "@rollup/rollup-android-arm-eabi": "@rollup/rollup-android-arm-eabi@4.11.0",
          "@rollup/rollup-android-arm64": "@rollup/rollup-android-arm64@4.11.0",
          "@rollup/rollup-darwin-arm64": "@rollup/rollup-darwin-arm64@4.11.0",
          "@rollup/rollup-darwin-x64": "@rollup/rollup-darwin-x64@4.11.0",
          "@rollup/rollup-linux-arm-gnueabihf": "@rollup/rollup-linux-arm-gnueabihf@4.11.0",
          "@rollup/rollup-linux-arm64-gnu": "@rollup/rollup-linux-arm64-gnu@4.11.0",
          "@rollup/rollup-linux-arm64-musl": "@rollup/rollup-linux-arm64-musl@4.11.0",
          "@rollup/rollup-linux-riscv64-gnu": "@rollup/rollup-linux-riscv64-gnu@4.11.0",
          "@rollup/rollup-linux-x64-gnu": "@rollup/rollup-linux-x64-gnu@4.11.0",
          "@rollup/rollup-linux-x64-musl": "@rollup/rollup-linux-x64-musl@4.11.0",
          "@rollup/rollup-win32-arm64-msvc": "@rollup/rollup-win32-arm64-msvc@4.11.0",
          "@rollup/rollup-win32-ia32-msvc": "@rollup/rollup-win32-ia32-msvc@4.11.0",
          "@rollup/rollup-win32-x64-msvc": "@rollup/rollup-win32-x64-msvc@4.11.0",
          "@types/estree": "@types/estree@1.0.5",
          "fsevents": "fsevents@2.3.3"
        }
      },
      "source-map-js@1.0.2": {
        "integrity": "sha512-R0XvVJ9WusLiqTCEiGCmICCMplcCkIwwR11mOSD9CR5u+IXYdiseeEuXCVAjS54zqwkLcPNnmU4OeJ6tUrWhDw==",
        "dependencies": {}
      },
      "vite@5.1.3": {
        "integrity": "sha512-UfmUD36DKkqhi/F75RrxvPpry+9+tTkrXfMNZD+SboZqBCMsxKtO52XeGzzuh7ioz+Eo/SYDBbdb0Z7vgcDJew==",
        "dependencies": {
          "esbuild": "esbuild@0.19.12",
          "fsevents": "fsevents@2.3.3",
          "postcss": "postcss@8.4.35",
          "rollup": "rollup@4.11.0"
        }
      },
      "vue@3.4.19": {
        "integrity": "sha512-W/7Fc9KUkajFU8dBeDluM4sRGc/aa4YJnOYck8dkjgZoXtVsn3OeTGni66FV1l3+nvPA7VBFYtPioaGKUmEADw==",
        "dependencies": {
          "@vue/compiler-dom": "@vue/compiler-dom@3.4.19",
          "@vue/compiler-sfc": "@vue/compiler-sfc@3.4.19",
          "@vue/runtime-dom": "@vue/runtime-dom@3.4.19",
          "@vue/server-renderer": "@vue/server-renderer@3.4.19_vue@3.4.19",
          "@vue/shared": "@vue/shared@3.4.19"
        }
      }
    }
  },
  "remote": {
    "https://deno.land/std@0.152.0/_util/assert.ts": "e94f2eb37cebd7f199952e242c77654e43333c1ac4c5c700e929ea3aa5489f74",
    "https://deno.land/std@0.152.0/_util/os.ts": "3b4c6e27febd119d36a416d7a97bd3b0251b77c88942c8f16ee5953ea13e2e49",
    "https://deno.land/std@0.152.0/async/deferred.ts": "bc18e28108252c9f67dfca2bbc4587c3cbf3aeb6e155f8c864ca8ecff992b98a",
    "https://deno.land/std@0.152.0/bytes/bytes_list.ts": "aba5e2369e77d426b10af1de0dcc4531acecec27f9b9056f4f7bfbf8ac147ab4",
    "https://deno.land/std@0.152.0/bytes/equals.ts": "3c3558c3ae85526f84510aa2b48ab2ad7bdd899e2e0f5b7a8ffc85acb3a6043a",
    "https://deno.land/std@0.152.0/bytes/mod.ts": "763f97d33051cc3f28af1a688dfe2830841192a9fea0cbaa55f927b49d49d0bf",
    "https://deno.land/std@0.152.0/crypto/timing_safe_equal.ts": "82a29b737bc8932d75d7a20c404136089d5d23629e94ba14efa98a8cc066c73e",
    "https://deno.land/std@0.152.0/encoding/base64.ts": "c57868ca7fa2fbe919f57f88a623ad34e3d970d675bdc1ff3a9d02bba7409db2",
    "https://deno.land/std@0.152.0/fmt/colors.ts": "6f9340b7fb8cc25a993a99e5efc56fe81bb5af284ff412129dd06df06f53c0b4",
    "https://deno.land/std@0.152.0/http/_negotiation/common.ts": "410e902f01cdd324e4746e8017595be4fc357d6fc4cd6044f2f808a943d7eaf7",
    "https://deno.land/std@0.152.0/http/_negotiation/encoding.ts": "f749c1d539d139af783e8a7741de5a47a98a5e3c9af82b8af512567ccf5fe632",
    "https://deno.land/std@0.152.0/http/_negotiation/language.ts": "53c306186904d2dace4c624a8822542866ad332a7f40ac90e0af1504f95c63d0",
    "https://deno.land/std@0.152.0/http/_negotiation/media_type.ts": "ecdda87286495f7ff25116858f5088856953e2f1585e593d314e0c71b826a137",
    "https://deno.land/std@0.152.0/http/http_errors.ts": "fe9b7f95f7ee0592c3306f8c7aed03ba53d55d1ef81e00041c1171b9588f46d9",
    "https://deno.land/std@0.152.0/http/http_status.ts": "897575a7d6bc2b9123f6a38ecbc0f03d95a532c5d92029315dc9f508e12526b8",
    "https://deno.land/std@0.152.0/http/negotiation.ts": "f35b1ff2ad4ff9feaa00ac234960b398172768205c8eceaef7f2eafe34716ba2",
    "https://deno.land/std@0.152.0/io/buffer.ts": "bd0c4bf53db4b4be916ca5963e454bddfd3fcd45039041ea161dbf826817822b",
    "https://deno.land/std@0.152.0/io/readers.ts": "45847ad404afd2f605eae1cff193f223462bc55eeb9ae313c2f3db28aada0fd6",
    "https://deno.land/std@0.152.0/media_types/_util.ts": "ce9b4fc4ba1c447dafab619055e20fd88236ca6bdd7834a21f98bd193c3fbfa1",
    "https://deno.land/std@0.152.0/media_types/mod.ts": "3829264ca0610cac40f3214f939d7733483523f82bc1041c51045d7c75fb93b8",
    "https://deno.land/std@0.152.0/media_types/vendor/mime-db.v1.52.0.ts": "724cee25fa40f1a52d3937d6b4fbbfdd7791ff55e1b7ac08d9319d5632c7f5af",
    "https://deno.land/std@0.152.0/path/_constants.ts": "df1db3ffa6dd6d1252cc9617e5d72165cd2483df90e93833e13580687b6083c3",
    "https://deno.land/std@0.152.0/path/_interface.ts": "ee3b431a336b80cf445441109d089b70d87d5e248f4f90ff906820889ecf8d09",
    "https://deno.land/std@0.152.0/path/_util.ts": "c1e9686d0164e29f7d880b2158971d805b6e0efc3110d0b3e24e4b8af2190d2b",
    "https://deno.land/std@0.152.0/path/common.ts": "bee563630abd2d97f99d83c96c2fa0cca7cee103e8cb4e7699ec4d5db7bd2633",
    "https://deno.land/std@0.152.0/path/glob.ts": "cb5255638de1048973c3e69e420c77dc04f75755524cb3b2e160fe9277d939ee",
    "https://deno.land/std@0.152.0/path/mod.ts": "56fec03ad0ebd61b6ab39ddb9b0ddb4c4a5c9f2f4f632e09dd37ec9ebfd722ac",
    "https://deno.land/std@0.152.0/path/posix.ts": "c1f7afe274290ea0b51da07ee205653b2964bd74909a82deb07b69a6cc383aaa",
    "https://deno.land/std@0.152.0/path/separator.ts": "fe1816cb765a8068afb3e8f13ad272351c85cbc739af56dacfc7d93d710fe0f9",
    "https://deno.land/std@0.152.0/path/win32.ts": "bd7549042e37879c68ff2f8576a25950abbfca1d696d41d82c7bca0b7e6f452c",
    "https://deno.land/std@0.152.0/streams/conversion.ts": "fc3db02026183da795fa32ac7549868e9f19c75ba029d4b4c3739af62b48517a",
    "https://deno.land/std@0.152.0/testing/_diff.ts": "029a00560b0d534bc0046f1bce4bd36b3b41ada3f2a3178c85686eb2ff5f1413",
    "https://deno.land/std@0.152.0/testing/_format.ts": "0d8dc79eab15b67cdc532826213bbe05bccfd276ca473a50a3fc7bbfb7260642",
    "https://deno.land/std@0.152.0/testing/asserts.ts": "093735c88f52bbead7f60a1f7a97a2ce4df3c2d5fab00a46956f20b4a5793ccd",
    "https://deno.land/x/cors@v1.2.2/abcCors.ts": "cdf83a7eaa69a1bf3ab910d18b9422217902fac47601adcaf0afac5a61845d48",
    "https://deno.land/x/cors@v1.2.2/attainCors.ts": "7d6aba0f942495cc31119604e0895c9bb8edd8f8baa7fe78e6c655bd0b4cbf59",
    "https://deno.land/x/cors@v1.2.2/cors.ts": "0e2d9167e3685f9bcf48f565e312b6e1883fa458f7337e5ce7bc2e3b29767980",
    "https://deno.land/x/cors@v1.2.2/mithCors.ts": "3a359d6e716e0410ede278ab54d875b293a2d66d838aaa7cfbf9ddc1e9e990d3",
    "https://deno.land/x/cors@v1.2.2/mod.ts": "2b351913f56d77ad80cb3b8633d4539c9eeddb426dae79437ada0e6a9cb4f1a6",
    "https://deno.land/x/cors@v1.2.2/oakCors.ts": "1348dc7673c61b85d2e80559a7b44f8e0246eaa6bcc6ec744fafe5d9b13b5c71",
    "https://deno.land/x/cors@v1.2.2/opineCors.ts": "fb5790115c26b7061d84b8d6c17d258a1e241bcab75b0bc3ca1fdb2e57bc5072",
    "https://deno.land/x/cors@v1.2.2/types.ts": "97546633ccc7f0df7a29bacba5d91dc6f61decdd1b65258300244dba905d34b8",
    "https://deno.land/x/oak@v11.1.0/application.ts": "0a728331822b8e27727ceec48a8499657c3163fc48fd379a8a9578a75f3cdb62",
    "https://deno.land/x/oak@v11.1.0/body.ts": "78402a4936accb80372c4944384658105604352d6783de7ff1e36b8832dd93c9",
    "https://deno.land/x/oak@v11.1.0/buf_reader.ts": "7cf96aa0ac670b75098113cf88a291a68332cc45efa8a9698f064ac5b8098a0f",
    "https://deno.land/x/oak@v11.1.0/content_disposition.ts": "8b8c3cb2fba7138cd5b7f82fc3b5ea39b33db924a824b28261659db7e164621e",
    "https://deno.land/x/oak@v11.1.0/context.ts": "014d1ce40e62a7901411425541b0d5a08018968a330595bd686f8d00222a35bb",
    "https://deno.land/x/oak@v11.1.0/cookies.ts": "d9f94b99f26c6169c6982ce12323c41a548d001bfc28f464264c22dc3dbf2181",
    "https://deno.land/x/oak@v11.1.0/deps.ts": "b897b0f2bec99cd8b402b279b7f21de955d98cbd72835b6c912be5e11c26148b",
    "https://deno.land/x/oak@v11.1.0/etag.ts": "19918f5e1964e3fe6c9fe524a88ffbf9900ce1dfe4146b187b2a86256bb6b663",
    "https://deno.land/x/oak@v11.1.0/headers.ts": "f50fb05614432bda971021633129aa2e8737e0844e0f01c27a937997b4d8dd4f",
    "https://deno.land/x/oak@v11.1.0/helpers.ts": "42212afa07a560b2958359cc19577417e89d9574d6579551a0af36ff7f00cc6e",
    "https://deno.land/x/oak@v11.1.0/http_request.ts": "0831c828816fcb58a5aa8361c6865c4151f4c8b59fabcef2e2cd235bb28170c5",
    "https://deno.land/x/oak@v11.1.0/http_server_flash.ts": "e312754acad26d3d70f243d657547e697921f67f0a2179dbec41a20a3228fd79",
    "https://deno.land/x/oak@v11.1.0/http_server_native.ts": "549dffcd2db5cbb0e44ad50cf9c54956b42a10450b1ac66e1362e32a073c8c1b",
    "https://deno.land/x/oak@v11.1.0/http_server_native_request.ts": "07910ea2ed51af6c4e69addf9015cdd8d2b5c9ee03fd4993e386834a129a9eb6",
    "https://deno.land/x/oak@v11.1.0/isMediaType.ts": "62d638abcf837ece3a8f07a4b7ca59794135cb0d4b73194c7d5837efd4161005",
    "https://deno.land/x/oak@v11.1.0/keyStack.ts": "fa0d5898fb8ba34de1c9cdcf4b2e8434952dc9931671858d33560368784a22ef",
    "https://deno.land/x/oak@v11.1.0/mediaTyper.ts": "042b853fc8e9c3f6c628dd389e03ef481552bf07242efc3f8a1af042102a6105",
    "https://deno.land/x/oak@v11.1.0/middleware.ts": "de14f045a2ddfe845d89b5d3140ff52cbcc6f3b3965391106ce04480f9786737",
    "https://deno.land/x/oak@v11.1.0/middleware/proxy.ts": "b927232f97ec18af4185d7912e45b1191e3ffe24a9c875262ad524211b1274c9",
    "https://deno.land/x/oak@v11.1.0/mod.ts": "de52855c8f626e30ba683fb265c0a0773ba2f5f117b3549b7d9c857edba58338",
    "https://deno.land/x/oak@v11.1.0/multipart.ts": "98fe9f226de8c26a16d067027b69fb1e34ad8c4055767dd157907d06cea36f9a",
    "https://deno.land/x/oak@v11.1.0/range.ts": "68a6df7ab3b868843e33f52deb94c3d4cab25cb9ef369691990c2ac15b04fafb",
    "https://deno.land/x/oak@v11.1.0/request.ts": "5852ad36389b48e0428a6f3c90854d01f10d1b15949b56001e1e75c2a00ef0f9",
    "https://deno.land/x/oak@v11.1.0/response.ts": "867d81f7eb0c65c7b8e0e0e9e145ededd5b6daa9ad922e6adc6a36a525f439a6",
    "https://deno.land/x/oak@v11.1.0/router.ts": "187522a549f6c179ff01d321882a8bfacbfb7f3e24b004ec4534a3613c7f9b0e",
    "https://deno.land/x/oak@v11.1.0/send.ts": "7ef2591792426d62add91536bb434566d4b224247ca343fdd63e486f9d4e9446",
    "https://deno.land/x/oak@v11.1.0/server_sent_event.ts": "948b0fe4cb3fe38c7db15e476eb3b7671ef20e566d130e9f701d7c0146aa47dd",
    "https://deno.land/x/oak@v11.1.0/structured_clone.ts": "ecf42598652b8082f37252cb873d6e257ad728e6fe73c6bd61f343d94501fbde",
    "https://deno.land/x/oak@v11.1.0/testing.ts": "7612656efd2975f7a2e6848609f5971922dbec46b76372c5c623202fdd7b9a85",
    "https://deno.land/x/oak@v11.1.0/util.ts": "3af8c4ed04c6cc2bedbe66e562a77fc59c72df31c55a902a63885861ca1639d6",
    "https://deno.land/x/path_to_regexp@v6.2.1/index.ts": "894060567837bae8fc9c5cbd4d0a05e9024672083d5883b525c031eea940e556"
  }
}
